
Microsoft Visual Studio Solution File, Format Version 12.00
# Visual Studio 15
VisualStudioVersion = 15.0.26403.3
MinimumVisualStudioVersion = 10.0.40219.1
Project("{FAE04EC0-301F-11D3-BF4B-00C04F79EFBC}") = "BerasApp.Android", "BerasApp\BerasApp.Android\BerasApp.Android.csproj", "{35EF4FF4-B20F-4165-A5B5-0D431108FC3E}"
EndProject
Project("{FAE04EC0-301F-11D3-BF4B-00C04F79EFBC}") = "BerasApp", "BerasApp\BerasApp\BerasApp.csproj", "{15270FF2-95F6-4A22-97F6-505DDB51D421}"
EndProject
Project("{FAE04EC0-301F-11D3-BF4B-00C04F79EFBC}") = "BerasApp.UWP", "BerasApp\BerasApp.UWP\BerasApp.UWP.csproj", "{15C7F476-339D-456D-8E5B-A3023D1E248E}"
EndProject
Project("{FAE04EC0-301F-11D3-BF4B-00C04F79EFBC}") = "BerasApp.iOS", "BerasApp\BerasApp.iOS\BerasApp.iOS.csproj", "{3310B06B-230B-424F-B933-672A18FF8AC4}"
EndProject
Global
	GlobalSection(SolutionConfigurationPlatforms) = preSolution
		Ad-Hoc|Any CPU = Ad-Hoc|Any CPU
		Ad-Hoc|ARM = Ad-Hoc|ARM
		Ad-Hoc|iPhone = Ad-Hoc|iPhone
		Ad-Hoc|iPhoneSimulator = Ad-Hoc|iPhoneSimulator
		Ad-Hoc|x64 = Ad-Hoc|x64
		Ad-Hoc|x86 = Ad-Hoc|x86
		AppStore|Any CPU = AppStore|Any CPU
		AppStore|ARM = AppStore|ARM
		AppStore|iPhone = AppStore|iPhone
		AppStore|iPhoneSimulator = AppStore|iPhoneSimulator
		AppStore|x64 = AppStore|x64
		AppStore|x86 = AppStore|x86
		Debug|Any CPU = Debug|Any CPU
		Debug|ARM = Debug|ARM
		Debug|iPhone = Debug|iPhone
		Debug|iPhoneSimulator = Debug|iPhoneSimulator
		Debug|x64 = Debug|x64
		Debug|x86 = Debug|x86
		Release|Any CPU = Release|Any CPU
		Release|ARM = Release|ARM
		Release|iPhone = Release|iPhone
		Release|iPhoneSimulator = Release|iPhoneSimulator
		Release|x64 = Release|x64
		Release|x86 = Release|x86
	EndGlobalSection
	GlobalSection(ProjectConfigurationPlatforms) = postSolution
		{35EF4FF4-B20F-4165-A5B5-0D431108FC3E}.Ad-Hoc|Any CPU.ActiveCfg = Release|Any CPU
		{35EF4FF4-B20F-4165-A5B5-0D431108FC3E}.Ad-Hoc|Any CPU.Build.0 = Release|Any CPU
		{35EF4FF4-B20F-4165-A5B5-0D431108FC3E}.Ad-Hoc|Any CPU.Deploy.0 = Release|Any CPU
		{35EF4FF4-B20F-4165-A5B5-0D431108FC3E}.Ad-Hoc|ARM.ActiveCfg = Release|Any CPU
		{35EF4FF4-B20F-4165-A5B5-0D431108FC3E}.Ad-Hoc|ARM.Build.0 = Release|Any CPU
		{35EF4FF4-B20F-4165-A5B5-0D431108FC3E}.Ad-Hoc|ARM.Deploy.0 = Release|Any CPU
		{35EF4FF4-B20F-4165-A5B5-0D431108FC3E}.Ad-Hoc|iPhone.ActiveCfg = Release|Any CPU
		{35EF4FF4-B20F-4165-A5B5-0D431108FC3E}.Ad-Hoc|iPhone.Build.0 = Release|Any CPU
		{35EF4FF4-B20F-4165-A5B5-0D431108FC3E}.Ad-Hoc|iPhone.Deploy.0 = Release|Any CPU
		{35EF4FF4-B20F-4165-A5B5-0D431108FC3E}.Ad-Hoc|iPhoneSimulator.ActiveCfg = Release|Any CPU
		{35EF4FF4-B20F-4165-A5B5-0D431108FC3E}.Ad-Hoc|iPhoneSimulator.Build.0 = Release|Any CPU
		{35EF4FF4-B20F-4165-A5B5-0D431108FC3E}.Ad-Hoc|iPhoneSimulator.Deploy.0 = Release|Any CPU
		{35EF4FF4-B20F-4165-A5B5-0D431108FC3E}.Ad-Hoc|x64.ActiveCfg = Release|Any CPU
		{35EF4FF4-B20F-4165-A5B5-0D431108FC3E}.Ad-Hoc|x64.Build.0 = Release|Any CPU
		{35EF4FF4-B20F-4165-A5B5-0D431108FC3E}.Ad-Hoc|x64.Deploy.0 = Release|Any CPU
		{35EF4FF4-B20F-4165-A5B5-0D431108FC3E}.Ad-Hoc|x86.ActiveCfg = Release|Any CPU
		{35EF4FF4-B20F-4165-A5B5-0D431108FC3E}.Ad-Hoc|x86.Build.0 = Release|Any CPU
		{35EF4FF4-B20F-4165-A5B5-0D431108FC3E}.Ad-Hoc|x86.Deploy.0 = Release|Any CPU
		{35EF4FF4-B20F-4165-A5B5-0D431108FC3E}.AppStore|Any CPU.ActiveCfg = Release|Any CPU
		{35EF4FF4-B20F-4165-A5B5-0D431108FC3E}.AppStore|Any CPU.Build.0 = Release|Any CPU
		{35EF4FF4-B20F-4165-A5B5-0D431108FC3E}.AppStore|Any CPU.Deploy.0 = Release|Any CPU
		{35EF4FF4-B20F-4165-A5B5-0D431108FC3E}.AppStore|ARM.ActiveCfg = Release|Any CPU
		{35EF4FF4-B20F-4165-A5B5-0D431108FC3E}.AppStore|ARM.Build.0 = Release|Any CPU
		{35EF4FF4-B20F-4165-A5B5-0D431108FC3E}.AppStore|ARM.Deploy.0 = Release|Any CPU
		{35EF4FF4-B20F-4165-A5B5-0D431108FC3E}.AppStore|iPhone.ActiveCfg = Release|Any CPU
		{35EF4FF4-B20F-4165-A5B5-0D431108FC3E}.AppStore|iPhone.Build.0 = Release|Any CPU
		{35EF4FF4-B20F-4165-A5B5-0D431108FC3E}.AppStore|iPhone.Deploy.0 = Release|Any CPU
		{35EF4FF4-B20F-4165-A5B5-0D431108FC3E}.AppStore|iPhoneSimulator.ActiveCfg = Release|Any CPU
		{35EF4FF4-B20F-4165-A5B5-0D431108FC3E}.AppStore|iPhoneSimulator.Build.0 = Release|Any CPU
		{35EF4FF4-B20F-4165-A5B5-0D431108FC3E}.AppStore|iPhoneSimulator.Deploy.0 = Release|Any CPU
		{35EF4FF4-B20F-4165-A5B5-0D431108FC3E}.AppStore|x64.ActiveCfg = Release|Any CPU
		{35EF4FF4-B20F-4165-A5B5-0D431108FC3E}.AppStore|x64.Build.0 = Release|Any CPU
		{35EF4FF4-B20F-4165-A5B5-0D431108FC3E}.AppStore|x64.Deploy.0 = Release|Any CPU
		{35EF4FF4-B20F-4165-A5B5-0D431108FC3E}.AppStore|x86.ActiveCfg = Release|Any CPU
		{35EF4FF4-B20F-4165-A5B5-0D431108FC3E}.AppStore|x86.Build.0 = Release|Any CPU
		{35EF4FF4-B20F-4165-A5B5-0D431108FC3E}.AppStore|x86.Deploy.0 = Release|Any CPU
		{35EF4FF4-B20F-4165-A5B5-0D431108FC3E}.Debug|Any CPU.ActiveCfg = Debug|Any CPU
		{35EF4FF4-B20F-4165-A5B5-0D431108FC3E}.Debug|Any CPU.Build.0 = Debug|Any CPU
		{35EF4FF4-B20F-4165-A5B5-0D431108FC3E}.Debug|Any CPU.Deploy.0 = Debug|Any CPU
		{35EF4FF4-B20F-4165-A5B5-0D431108FC3E}.Debug|ARM.ActiveCfg = Debug|Any CPU
		{35EF4FF4-B20F-4165-A5B5-0D431108FC3E}.Debug|ARM.Build.0 = Debug|Any CPU
		{35EF4FF4-B20F-4165-A5B5-0D431108FC3E}.Debug|ARM.Deploy.0 = Debug|Any CPU
		{35EF4FF4-B20F-4165-A5B5-0D431108FC3E}.Debug|iPhone.ActiveCfg = Debug|Any CPU
		{35EF4FF4-B20F-4165-A5B5-0D431108FC3E}.Debug|iPhone.Build.0 = Debug|Any CPU
		{35EF4FF4-B20F-4165-A5B5-0D431108FC3E}.Debug|iPhone.Deploy.0 = Debug|Any CPU
		{35EF4FF4-B20F-4165-A5B5-0D431108FC3E}.Debug|iPhoneSimulator.ActiveCfg = Debug|Any CPU
		{35EF4FF4-B20F-4165-A5B5-0D431108FC3E}.Debug|iPhoneSimulator.Build.0 = Debug|Any CPU
		{35EF4FF4-B20F-4165-A5B5-0D431108FC3E}.Debug|iPhoneSimulator.Deploy.0 = Debug|Any CPU
		{35EF4FF4-B20F-4165-A5B5-0D431108FC3E}.Debug|x64.ActiveCfg = Debug|Any CPU
		{35EF4FF4-B20F-4165-A5B5-0D431108FC3E}.Debug|x64.Build.0 = Debug|Any CPU
		{35EF4FF4-B20F-4165-A5B5-0D431108FC3E}.Debug|x64.Deploy.0 = Debug|Any CPU
		{35EF4FF4-B20F-4165-A5B5-0D431108FC3E}.Debug|x86.ActiveCfg = Debug|Any CPU
		{35EF4FF4-B20F-4165-A5B5-0D431108FC3E}.Debug|x86.Build.0 = Debug|Any CPU
		{35EF4FF4-B20F-4165-A5B5-0D431108FC3E}.Debug|x86.Deploy.0 = Debug|Any CPU
		{35EF4FF4-B20F-4165-A5B5-0D431108FC3E}.Release|Any CPU.ActiveCfg = Release|Any CPU
		{35EF4FF4-B20F-4165-A5B5-0D431108FC3E}.Release|Any CPU.Build.0 = Release|Any CPU
		{35EF4FF4-B20F-4165-A5B5-0D431108FC3E}.Release|Any CPU.Deploy.0 = Release|Any CPU
		{35EF4FF4-B20F-4165-A5B5-0D431108FC3E}.Release|ARM.ActiveCfg = Release|Any CPU
		{35EF4FF4-B20F-4165-A5B5-0D431108FC3E}.Release|ARM.Build.0 = Release|Any CPU
		{35EF4FF4-B20F-4165-A5B5-0D431108FC3E}.Release|ARM.Deploy.0 = Release|Any CPU
		{35EF4FF4-B20F-4165-A5B5-0D431108FC3E}.Release|iPhone.ActiveCfg = Release|Any CPU
		{35EF4FF4-B20F-4165-A5B5-0D431108FC3E}.Release|iPhone.Build.0 = Release|Any CPU
		{35EF4FF4-B20F-4165-A5B5-0D431108FC3E}.Release|iPhone.Deploy.0 = Release|Any CPU
		{35EF4FF4-B20F-4165-A5B5-0D431108FC3E}.Release|iPhoneSimulator.ActiveCfg = Release|Any CPU
		{35EF4FF4-B20F-4165-A5B5-0D431108FC3E}.Release|iPhoneSimulator.Build.0 = Release|Any CPU
		{35EF4FF4-B20F-4165-A5B5-0D431108FC3E}.Release|iPhoneSimulator.Deploy.0 = Release|Any CPU
		{35EF4FF4-B20F-4165-A5B5-0D431108FC3E}.Release|x64.ActiveCfg = Release|Any CPU
		{35EF4FF4-B20F-4165-A5B5-0D431108FC3E}.Release|x64.Build.0 = Release|Any CPU
		{35EF4FF4-B20F-4165-A5B5-0D431108FC3E}.Release|x64.Deploy.0 = Release|Any CPU
		{35EF4FF4-B20F-4165-A5B5-0D431108FC3E}.Release|x86.ActiveCfg = Release|Any CPU
		{35EF4FF4-B20F-4165-A5B5-0D431108FC3E}.Release|x86.Build.0 = Release|Any CPU
		{35EF4FF4-B20F-4165-A5B5-0D431108FC3E}.Release|x86.Deploy.0 = Release|Any CPU
		{15270FF2-95F6-4A22-97F6-505DDB51D421}.Ad-Hoc|Any CPU.ActiveCfg = Release|Any CPU
		{15270FF2-95F6-4A22-97F6-505DDB51D421}.Ad-Hoc|Any CPU.Build.0 = Release|Any CPU
		{15270FF2-95F6-4A22-97F6-505DDB51D421}.Ad-Hoc|ARM.ActiveCfg = Release|Any CPU
		{15270FF2-95F6-4A22-97F6-505DDB51D421}.Ad-Hoc|ARM.Build.0 = Release|Any CPU
		{15270FF2-95F6-4A22-97F6-505DDB51D421}.Ad-Hoc|iPhone.ActiveCfg = Release|Any CPU
		{15270FF2-95F6-4A22-97F6-505DDB51D421}.Ad-Hoc|iPhone.Build.0 = Release|Any CPU
		{15270FF2-95F6-4A22-97F6-505DDB51D421}.Ad-Hoc|iPhoneSimulator.ActiveCfg = Release|Any CPU
		{15270FF2-95F6-4A22-97F6-505DDB51D421}.Ad-Hoc|iPhoneSimulator.Build.0 = Release|Any CPU
		{15270FF2-95F6-4A22-97F6-505DDB51D421}.Ad-Hoc|x64.ActiveCfg = Release|Any CPU
		{15270FF2-95F6-4A22-97F6-505DDB51D421}.Ad-Hoc|x64.Build.0 = Release|Any CPU
		{15270FF2-95F6-4A22-97F6-505DDB51D421}.Ad-Hoc|x86.ActiveCfg = Release|Any CPU
		{15270FF2-95F6-4A22-97F6-505DDB51D421}.Ad-Hoc|x86.Build.0 = Release|Any CPU
		{15270FF2-95F6-4A22-97F6-505DDB51D421}.AppStore|Any CPU.ActiveCfg = Release|Any CPU
		{15270FF2-95F6-4A22-97F6-505DDB51D421}.AppStore|Any CPU.Build.0 = Release|Any CPU
		{15270FF2-95F6-4A22-97F6-505DDB51D421}.AppStore|ARM.ActiveCfg = Release|Any CPU
		{15270FF2-95F6-4A22-97F6-505DDB51D421}.AppStore|ARM.Build.0 = Release|Any CPU
		{15270FF2-95F6-4A22-97F6-505DDB51D421}.AppStore|iPhone.ActiveCfg = Release|Any CPU
		{15270FF2-95F6-4A22-97F6-505DDB51D421}.AppStore|iPhone.Build.0 = Release|Any CPU
		{15270FF2-95F6-4A22-97F6-505DDB51D421}.AppStore|iPhoneSimulator.ActiveCfg = Release|Any CPU
		{15270FF2-95F6-4A22-97F6-505DDB51D421}.AppStore|iPhoneSimulator.Build.0 = Release|Any CPU
		{15270FF2-95F6-4A22-97F6-505DDB51D421}.AppStore|x64.ActiveCfg = Release|Any CPU
		{15270FF2-95F6-4A22-97F6-505DDB51D421}.AppStore|x64.Build.0 = Release|Any CPU
		{15270FF2-95F6-4A22-97F6-505DDB51D421}.AppStore|x86.ActiveCfg = Release|Any CPU
		{15270FF2-95F6-4A22-97F6-505DDB51D421}.AppStore|x86.Build.0 = Release|Any CPU
		{15270FF2-95F6-4A22-97F6-505DDB51D421}.Debug|Any CPU.ActiveCfg = Debug|Any CPU
		{15270FF2-95F6-4A22-97F6-505DDB51D421}.Debug|Any CPU.Build.0 = Debug|Any CPU
		{15270FF2-95F6-4A22-97F6-505DDB51D421}.Debug|ARM.ActiveCfg = Debug|Any CPU
		{15270FF2-95F6-4A22-97F6-505DDB51D421}.Debug|ARM.Build.0 = Debug|Any CPU
		{15270FF2-95F6-4A22-97F6-505DDB51D421}.Debug|iPhone.ActiveCfg = Debug|Any CPU
		{15270FF2-95F6-4A22-97F6-505DDB51D421}.Debug|iPhone.Build.0 = Debug|Any CPU
		{15270FF2-95F6-4A22-97F6-505DDB51D421}.Debug|iPhoneSimulator.ActiveCfg = Debug|Any CPU
		{15270FF2-95F6-4A22-97F6-505DDB51D421}.Debug|iPhoneSimulator.Build.0 = Debug|Any CPU
		{15270FF2-95F6-4A22-97F6-505DDB51D421}.Debug|x64.ActiveCfg = Debug|Any CPU
		{15270FF2-95F6-4A22-97F6-505DDB51D421}.Debug|x64.Build.0 = Debug|Any CPU
		{15270FF2-95F6-4A22-97F6-505DDB51D421}.Debug|x86.ActiveCfg = Debug|Any CPU
		{15270FF2-95F6-4A22-97F6-505DDB51D421}.Debug|x86.Build.0 = Debug|Any CPU
		{15270FF2-95F6-4A22-97F6-505DDB51D421}.Release|Any CPU.ActiveCfg = Release|Any CPU
		{15270FF2-95F6-4A22-97F6-505DDB51D421}.Release|Any CPU.Build.0 = Release|Any CPU
		{15270FF2-95F6-4A22-97F6-505DDB51D421}.Release|ARM.ActiveCfg = Release|Any CPU
		{15270FF2-95F6-4A22-97F6-505DDB51D421}.Release|ARM.Build.0 = Release|Any CPU
		{15270FF2-95F6-4A22-97F6-505DDB51D421}.Release|iPhone.ActiveCfg = Release|Any CPU
		{15270FF2-95F6-4A22-97F6-505DDB51D421}.Release|iPhone.Build.0 = Release|Any CPU
		{15270FF2-95F6-4A22-97F6-505DDB51D421}.Release|iPhoneSimulator.ActiveCfg = Release|Any CPU
		{15270FF2-95F6-4A22-97F6-505DDB51D421}.Release|iPhoneSimulator.Build.0 = Release|Any CPU
		{15270FF2-95F6-4A22-97F6-505DDB51D421}.Release|x64.ActiveCfg = Release|Any CPU
		{15270FF2-95F6-4A22-97F6-505DDB51D421}.Release|x64.Build.0 = Release|Any CPU
		{15270FF2-95F6-4A22-97F6-505DDB51D421}.Release|x86.ActiveCfg = Release|Any CPU
		{15270FF2-95F6-4A22-97F6-505DDB51D421}.Release|x86.Build.0 = Release|Any CPU
		{15C7F476-339D-456D-8E5B-A3023D1E248E}.Ad-Hoc|Any CPU.ActiveCfg = Release|x86
		{15C7F476-339D-456D-8E5B-A3023D1E248E}.Ad-Hoc|Any CPU.Build.0 = Release|x86
		{15C7F476-339D-456D-8E5B-A3023D1E248E}.Ad-Hoc|Any CPU.Deploy.0 = Release|x86
		{15C7F476-339D-456D-8E5B-A3023D1E248E}.Ad-Hoc|ARM.ActiveCfg = Release|ARM
		{15C7F476-339D-456D-8E5B-A3023D1E248E}.Ad-Hoc|ARM.Build.0 = Release|ARM
		{15C7F476-339D-456D-8E5B-A3023D1E248E}.Ad-Hoc|ARM.Deploy.0 = Release|ARM
		{15C7F476-339D-456D-8E5B-A3023D1E248E}.Ad-Hoc|iPhone.ActiveCfg = Release|x86
		{15C7F476-339D-456D-8E5B-A3023D1E248E}.Ad-Hoc|iPhone.Build.0 = Release|x86
		{15C7F476-339D-456D-8E5B-A3023D1E248E}.Ad-Hoc|iPhone.Deploy.0 = Release|x86
		{15C7F476-339D-456D-8E5B-A3023D1E248E}.Ad-Hoc|iPhoneSimulator.ActiveCfg = Release|x86
		{15C7F476-339D-456D-8E5B-A3023D1E248E}.Ad-Hoc|iPhoneSimulator.Build.0 = Release|x86
		{15C7F476-339D-456D-8E5B-A3023D1E248E}.Ad-Hoc|iPhoneSimulator.Deploy.0 = Release|x86
		{15C7F476-339D-456D-8E5B-A3023D1E248E}.Ad-Hoc|x64.ActiveCfg = Release|x64
		{15C7F476-339D-456D-8E5B-A3023D1E248E}.Ad-Hoc|x64.Build.0 = Release|x64
		{15C7F476-339D-456D-8E5B-A3023D1E248E}.Ad-Hoc|x64.Deploy.0 = Release|x64
		{15C7F476-339D-456D-8E5B-A3023D1E248E}.Ad-Hoc|x86.ActiveCfg = Release|x86
		{15C7F476-339D-456D-8E5B-A3023D1E248E}.Ad-Hoc|x86.Build.0 = Release|x86
		{15C7F476-339D-456D-8E5B-A3023D1E248E}.Ad-Hoc|x86.Deploy.0 = Release|x86
		{15C7F476-339D-456D-8E5B-A3023D1E248E}.AppStore|Any CPU.ActiveCfg = Release|x86
		{15C7F476-339D-456D-8E5B-A3023D1E248E}.AppStore|Any CPU.Build.0 = Release|x86
		{15C7F476-339D-456D-8E5B-A3023D1E248E}.AppStore|Any CPU.Deploy.0 = Release|x86
		{15C7F476-339D-456D-8E5B-A3023D1E248E}.AppStore|ARM.ActiveCfg = Release|ARM
		{15C7F476-339D-456D-8E5B-A3023D1E248E}.AppStore|ARM.Build.0 = Release|ARM
		{15C7F476-339D-456D-8E5B-A3023D1E248E}.AppStore|ARM.Deploy.0 = Release|ARM
		{15C7F476-339D-456D-8E5B-A3023D1E248E}.AppStore|iPhone.ActiveCfg = Release|x86
		{15C7F476-339D-456D-8E5B-A3023D1E248E}.AppStore|iPhone.Build.0 = Release|x86
		{15C7F476-339D-456D-8E5B-A3023D1E248E}.AppStore|iPhone.Deploy.0 = Release|x86
		{15C7F476-339D-456D-8E5B-A3023D1E248E}.AppStore|iPhoneSimulator.ActiveCfg = Release|x86
		{15C7F476-339D-456D-8E5B-A3023D1E248E}.AppStore|iPhoneSimulator.Build.0 = Release|x86
		{15C7F476-339D-456D-8E5B-A3023D1E248E}.AppStore|iPhoneSimulator.Deploy.0 = Release|x86
		{15C7F476-339D-456D-8E5B-A3023D1E248E}.AppStore|x64.ActiveCfg = Release|x64
		{15C7F476-339D-456D-8E5B-A3023D1E248E}.AppStore|x64.Build.0 = Release|x64
		{15C7F476-339D-456D-8E5B-A3023D1E248E}.AppStore|x64.Deploy.0 = Release|x64
		{15C7F476-339D-456D-8E5B-A3023D1E248E}.AppStore|x86.ActiveCfg = Release|x86
		{15C7F476-339D-456D-8E5B-A3023D1E248E}.AppStore|x86.Build.0 = Release|x86
		{15C7F476-339D-456D-8E5B-A3023D1E248E}.AppStore|x86.Deploy.0 = Release|x86
		{15C7F476-339D-456D-8E5B-A3023D1E248E}.Debug|Any CPU.ActiveCfg = Debug|x86
		{15C7F476-339D-456D-8E5B-A3023D1E248E}.Debug|ARM.ActiveCfg = Debug|ARM
		{15C7F476-339D-456D-8E5B-A3023D1E248E}.Debug|ARM.Build.0 = Debug|ARM
		{15C7F476-339D-456D-8E5B-A3023D1E248E}.Debug|ARM.Deploy.0 = Debug|ARM
		{15C7F476-339D-456D-8E5B-A3023D1E248E}.Debug|iPhone.ActiveCfg = Debug|x86
		{15C7F476-339D-456D-8E5B-A3023D1E248E}.Debug|iPhoneSimulator.ActiveCfg = Debug|x86
		{15C7F476-339D-456D-8E5B-A3023D1E248E}.Debug|x64.ActiveCfg = Debug|x64
		{15C7F476-339D-456D-8E5B-A3023D1E248E}.Debug|x64.Build.0 = Debug|x64
		{15C7F476-339D-456D-8E5B-A3023D1E248E}.Debug|x64.Deploy.0 = Debug|x64
		{15C7F476-339D-456D-8E5B-A3023D1E248E}.Debug|x86.ActiveCfg = Debug|x86
		{15C7F476-339D-456D-8E5B-A3023D1E248E}.Debug|x86.Build.0 = Debug|x86
		{15C7F476-339D-456D-8E5B-A3023D1E248E}.Debug|x86.Deploy.0 = Debug|x86
		{15C7F476-339D-456D-8E5B-A3023D1E248E}.Release|Any CPU.ActiveCfg = Release|x86
		{15C7F476-339D-456D-8E5B-A3023D1E248E}.Release|ARM.ActiveCfg = Release|ARM
		{15C7F476-339D-456D-8E5B-A3023D1E248E}.Release|ARM.Build.0 = Release|ARM
		{15C7F476-339D-456D-8E5B-A3023D1E248E}.Release|ARM.Deploy.0 = Release|ARM
		{15C7F476-339D-456D-8E5B-A3023D1E248E}.Release|iPhone.ActiveCfg = Release|x86
		{15C7F476-339D-456D-8E5B-A3023D1E248E}.Release|iPhoneSimulator.ActiveCfg = Release|x86
		{15C7F476-339D-456D-8E5B-A3023D1E248E}.Release|x64.ActiveCfg = Release|x64
		{15C7F476-339D-456D-8E5B-A3023D1E248E}.Release|x64.Build.0 = Release|x64
		{15C7F476-339D-456D-8E5B-A3023D1E248E}.Release|x64.Deploy.0 = Release|x64
		{15C7F476-339D-456D-8E5B-A3023D1E248E}.Release|x86.ActiveCfg = Release|x86
		{15C7F476-339D-456D-8E5B-A3023D1E248E}.Release|x86.Build.0 = Release|x86
		{15C7F476-339D-456D-8E5B-A3023D1E248E}.Release|x86.Deploy.0 = Release|x86
		{3310B06B-230B-424F-B933-672A18FF8AC4}.Ad-Hoc|Any CPU.ActiveCfg = Ad-Hoc|iPhone
		{3310B06B-230B-424F-B933-672A18FF8AC4}.Ad-Hoc|ARM.ActiveCfg = Ad-Hoc|iPhone
		{3310B06B-230B-424F-B933-672A18FF8AC4}.Ad-Hoc|iPhone.ActiveCfg = Ad-Hoc|iPhone
		{3310B06B-230B-424F-B933-672A18FF8AC4}.Ad-Hoc|iPhone.Build.0 = Ad-Hoc|iPhone
		{3310B06B-230B-424F-B933-672A18FF8AC4}.Ad-Hoc|iPhoneSimulator.ActiveCfg = Ad-Hoc|iPhoneSimulator
		{3310B06B-230B-424F-B933-672A18FF8AC4}.Ad-Hoc|iPhoneSimulator.Build.0 = Ad-Hoc|iPhoneSimulator
		{3310B06B-230B-424F-B933-672A18FF8AC4}.Ad-Hoc|x64.ActiveCfg = Ad-Hoc|iPhone
		{3310B06B-230B-424F-B933-672A18FF8AC4}.Ad-Hoc|x86.ActiveCfg = Ad-Hoc|iPhone
		{3310B06B-230B-424F-B933-672A18FF8AC4}.AppStore|Any CPU.ActiveCfg = AppStore|iPhone
		{3310B06B-230B-424F-B933-672A18FF8AC4}.AppStore|ARM.ActiveCfg = AppStore|iPhone
		{3310B06B-230B-424F-B933-672A18FF8AC4}.AppStore|iPhone.ActiveCfg = AppStore|iPhone
		{3310B06B-230B-424F-B933-672A18FF8AC4}.AppStore|iPhone.Build.0 = AppStore|iPhone
		{3310B06B-230B-424F-B933-672A18FF8AC4}.AppStore|iPhoneSimulator.ActiveCfg = AppStore|iPhoneSimulator
		{3310B06B-230B-424F-B933-672A18FF8AC4}.AppStore|iPhoneSimulator.Build.0 = AppStore|iPhoneSimulator
		{3310B06B-230B-424F-B933-672A18FF8AC4}.AppStore|x64.ActiveCfg = AppStore|iPhone
		{3310B06B-230B-424F-B933-672A18FF8AC4}.AppStore|x86.ActiveCfg = AppStore|iPhone
		{3310B06B-230B-424F-B933-672A18FF8AC4}.Debug|Any CPU.ActiveCfg = Debug|iPhone
		{3310B06B-230B-424F-B933-672A18FF8AC4}.Debug|ARM.ActiveCfg = Debug|iPhone
		{3310B06B-230B-424F-B933-672A18FF8AC4}.Debug|iPhone.ActiveCfg = Debug|iPhone
		{3310B06B-230B-424F-B933-672A18FF8AC4}.Debug|iPhone.Build.0 = Debug|iPhone
		{3310B06B-230B-424F-B933-672A18FF8AC4}.Debug|iPhoneSimulator.ActiveCfg = Debug|iPhoneSimulator
		{3310B06B-230B-424F-B933-672A18FF8AC4}.Debug|iPhoneSimulator.Build.0 = Debug|iPhoneSimulator
		{3310B06B-230B-424F-B933-672A18FF8AC4}.Debug|x64.ActiveCfg = Debug|iPhone
		{3310B06B-230B-424F-B933-672A18FF8AC4}.Debug|x86.ActiveCfg = Debug|iPhone
		{3310B06B-230B-424F-B933-672A18FF8AC4}.Release|Any CPU.ActiveCfg = Release|iPhone
		{3310B06B-230B-424F-B933-672A18FF8AC4}.Release|ARM.ActiveCfg = Release|iPhone
		{3310B06B-230B-424F-B933-672A18FF8AC4}.Release|iPhone.ActiveCfg = Release|iPhone
		{3310B06B-230B-424F-B933-672A18FF8AC4}.Release|iPhone.Build.0 = Release|iPhone
		{3310B06B-230B-424F-B933-672A18FF8AC4}.Release|iPhoneSimulator.ActiveCfg = Release|iPhoneSimulator
		{3310B06B-230B-424F-B933-672A18FF8AC4}.Release|iPhoneSimulator.Build.0 = Release|iPhoneSimulator
		{3310B06B-230B-424F-B933-672A18FF8AC4}.Release|x64.ActiveCfg = Release|iPhone
		{3310B06B-230B-424F-B933-672A18FF8AC4}.Release|x86.ActiveCfg = Release|iPhone
	EndGlobalSection
	GlobalSection(SolutionProperties) = preSolution
		HideSolutionNode = FALSE
	EndGlobalSection
	GlobalSection(TeamFoundationVersionControl) = preSolution
		SccNumberOfProjects = 5
		SccEnterpriseProvider = {4CA58AB2-18FA-4F8D-95D4-32DDF27D184C}
		SccTeamFoundationServer = https://thiagoalexbdev.visualstudio.com/
		SccLocalPath0 = .
		SccProjectUniqueName1 = BerasApp\\BerasApp.Android\\BerasApp.Android.csproj
		SccProjectName1 = BerasApp/BerasApp.Android
		SccLocalPath1 = BerasApp\\BerasApp.Android
		SccProjectUniqueName2 = BerasApp\\BerasApp.iOS\\BerasApp.iOS.csproj
		SccProjectName2 = BerasApp/BerasApp.iOS
		SccLocalPath2 = BerasApp\\BerasApp.iOS
		SccProjectUniqueName3 = BerasApp\\BerasApp.UWP\\BerasApp.UWP.csproj
		SccProjectName3 = BerasApp/BerasApp.UWP
		SccLocalPath3 = BerasApp\\BerasApp.UWP
		SccProjectUniqueName4 = BerasApp\\BerasApp\\BerasApp.csproj
		SccProjectName4 = BerasApp/BerasApp
		SccLocalPath4 = BerasApp\\BerasApp
	EndGlobalSection
EndGlobal
